
Microsoft Visual Studio Solution File, Format Version 12.00
# Visual Studio Version 17
VisualStudioVersion = 17.7.34003.232
MinimumVisualStudioVersion = 10.0.40219.1
Project("{FAE04EC0-301F-11D3-BF4B-00C04F79EFBC}") = "Cache.Demo.Api", "Cache.Demo.Api\Cache.Demo.Api.csproj", "{D2A0F20E-F90C-4171-94B5-6B0C65F79FC1}"
EndProject
Global
	GlobalSection(SolutionConfigurationPlatforms) = preSolution
		Debug|Any CPU = Debug|Any CPU
		Release|Any CPU = Release|Any CPU
	EndGlobalSection
	GlobalSection(ProjectConfigurationPlatforms) = postSolution
		{D2A0F20E-F90C-4171-94B5-6B0C65F79FC1}.Debug|Any CPU.ActiveCfg = Debug|Any CPU
		{D2A0F20E-F90C-4171-94B5-6B0C65F79FC1}.Debug|Any CPU.Build.0 = Debug|Any CPU
		{D2A0F20E-F90C-4171-94B5-6B0C65F79FC1}.Release|Any CPU.ActiveCfg = Release|Any CPU
		{D2A0F20E-F90C-4171-94B5-6B0C65F79FC1}.Release|Any CPU.Build.0 = Release|Any CPU
	EndGlobalSection
	GlobalSection(SolutionProperties) = preSolution
		HideSolutionNode = FALSE
	EndGlobalSection
	GlobalSection(ExtensibilityGlobals) = postSolution
		SolutionGuid = {E739F351-C5A1-4169-9135-65A84FE2E0EE}
	EndGlobalSection
EndGlobal
